
Microsoft Visual Studio Solution File, Format Version 12.00
# Visual Studio Version 17
VisualStudioVersion = 17.4.33110.190
MinimumVisualStudioVersion = 10.0.40219.1
Project("{FAE04EC0-301F-11D3-BF4B-00C04F79EFBC}") = "CovidAnalysis.API", "CovidAnalysis.API\CovidAnalysis.API.csproj", "{B9BBE95A-8C85-486D-A159-98A727EFD5C5}"
EndProject
Project("{FAE04EC0-301F-11D3-BF4B-00C04F79EFBC}") = "CovidAnalysis.Core", "CovidAnalysis.Core\CovidAnalysis.Core.csproj", "{AAD57862-F101-435E-A527-E73BF5F7D49D}"
EndProject
Project("{FAE04EC0-301F-11D3-BF4B-00C04F79EFBC}") = "CovidAnalysis.Infrastructure", "CovidAnalysis.Infrastructure\CovidAnalysis.Infrastructure.csproj", "{D4F84E6B-28C5-447E-A69B-4C3E91038ABE}"
EndProject
Global
	GlobalSection(SolutionConfigurationPlatforms) = preSolution
		Debug|Any CPU = Debug|Any CPU
		Release|Any CPU = Release|Any CPU
	EndGlobalSection
	GlobalSection(ProjectConfigurationPlatforms) = postSolution
		{B9BBE95A-8C85-486D-A159-98A727EFD5C5}.Debug|Any CPU.ActiveCfg = Debug|Any CPU
		{B9BBE95A-8C85-486D-A159-98A727EFD5C5}.Debug|Any CPU.Build.0 = Debug|Any CPU
		{B9BBE95A-8C85-486D-A159-98A727EFD5C5}.Release|Any CPU.ActiveCfg = Release|Any CPU
		{B9BBE95A-8C85-486D-A159-98A727EFD5C5}.Release|Any CPU.Build.0 = Release|Any CPU
		{AAD57862-F101-435E-A527-E73BF5F7D49D}.Debug|Any CPU.ActiveCfg = Debug|Any CPU
		{AAD57862-F101-435E-A527-E73BF5F7D49D}.Debug|Any CPU.Build.0 = Debug|Any CPU
		{AAD57862-F101-435E-A527-E73BF5F7D49D}.Release|Any CPU.ActiveCfg = Release|Any CPU
		{AAD57862-F101-435E-A527-E73BF5F7D49D}.Release|Any CPU.Build.0 = Release|Any CPU
		{D4F84E6B-28C5-447E-A69B-4C3E91038ABE}.Debug|Any CPU.ActiveCfg = Debug|Any CPU
		{D4F84E6B-28C5-447E-A69B-4C3E91038ABE}.Debug|Any CPU.Build.0 = Debug|Any CPU
		{D4F84E6B-28C5-447E-A69B-4C3E91038ABE}.Release|Any CPU.ActiveCfg = Release|Any CPU
		{D4F84E6B-28C5-447E-A69B-4C3E91038ABE}.Release|Any CPU.Build.0 = Release|Any CPU
	EndGlobalSection
	GlobalSection(SolutionProperties) = preSolution
		HideSolutionNode = FALSE
	EndGlobalSection
	GlobalSection(ExtensibilityGlobals) = postSolution
		SolutionGuid = {60E74968-7692-4B95-8938-770F4BC4619C}
	EndGlobalSection
EndGlobal
